
Microsoft Visual Studio Solution File, Format Version 12.00
# Visual Studio Version 17
VisualStudioVersion = 17.12.35506.116
MinimumVisualStudioVersion = 10.0.40219.1
Project("{2150E333-8FDC-42A3-9474-1A3956D46DE8}") = "Services", "Services", "{16138681-07C9-40F7-AF4D-2221E62C9916}"
EndProject
Project("{2150E333-8FDC-42A3-9474-1A3956D46DE8}") = "Catalog", "Catalog", "{35D0EA55-56C7-4409-8113-0A1FE42C1156}"
EndProject
Project("{9A19103F-16F7-4668-BE54-9A1E7A4F7556}") = "Catalog.API", "Services\Catalog\Catalog.API\Catalog.API.csproj", "{95B86191-F633-453D-A431-B84F342F5652}"
EndProject
Project("{2150E333-8FDC-42A3-9474-1A3956D46DE8}") = "BuildingBlocks", "BuildingBlocks", "{9A4951E8-6518-4D7E-980E-C9678782B522}"
EndProject
Project("{9A19103F-16F7-4668-BE54-9A1E7A4F7556}") = "BuildingBlock", "BuildingBlocks\BuildingBlock\BuildingBlock.csproj", "{0DEF61A7-FDDA-47A3-BA07-81962726289A}"
EndProject
Project("{E53339B2-1760-4266-BCC7-CA923CBCF16C}") = "docker-compose", "docker-compose.dcproj", "{9FD72F76-77E9-419D-A60C-6B17A090EDEB}"
EndProject
Project("{2150E333-8FDC-42A3-9474-1A3956D46DE8}") = "Basket", "Basket", "{E57235AC-468B-461F-8E86-CB2F2CBEFAF7}"
EndProject
Project("{9A19103F-16F7-4668-BE54-9A1E7A4F7556}") = "Basket.API", "Services\Basket\Basket.API\Basket.API.csproj", "{B381D456-7C2C-4D63-AB96-3326DFFD88A2}"
EndProject
Project("{2150E333-8FDC-42A3-9474-1A3956D46DE8}") = "Discount", "Discount", "{D7ED60B7-8732-44CB-88B8-D58730C360F9}"
EndProject
Project("{FAE04EC0-301F-11D3-BF4B-00C04F79EFBC}") = "Discount.Grpc", "Services\Discount\Discount.Grpc\Discount.Grpc.csproj", "{400BAC5E-5CFC-42DD-8AEC-8219D944C9EE}"
EndProject
Project("{2150E333-8FDC-42A3-9474-1A3956D46DE8}") = "Ordering", "Ordering", "{3F91EB1C-654D-462D-9183-1813BFDCE6BB}"
EndProject
Project("{FAE04EC0-301F-11D3-BF4B-00C04F79EFBC}") = "Ordering.Domain", "Services\Ordering\Ordering.Domain\Ordering.Domain.csproj", "{26987EAB-2668-4A32-BDFE-8B6B5973A0C3}"
EndProject
Project("{FAE04EC0-301F-11D3-BF4B-00C04F79EFBC}") = "Ordering.Infrastructure", "Services\Ordering\Ordering.Infrastructure\Ordering.Infrastructure.csproj", "{6FB68F5B-E01E-4FD7-A27F-C9D1053DCDE9}"
EndProject
Project("{FAE04EC0-301F-11D3-BF4B-00C04F79EFBC}") = "Ordering.Application", "Services\Ordering\Ordering.Application\Ordering.Application.csproj", "{9C5FF046-8440-46A0-BF57-8CECD33B63B5}"
EndProject
Project("{FAE04EC0-301F-11D3-BF4B-00C04F79EFBC}") = "Ordering.API", "Services\Ordering\Ordering.API\Ordering.API.csproj", "{58A50CA1-8C1E-40CF-A783-B91B605F5CEF}"
EndProject
Global
	GlobalSection(SolutionConfigurationPlatforms) = preSolution
		Debug|Any CPU = Debug|Any CPU
		Release|Any CPU = Release|Any CPU
	EndGlobalSection
	GlobalSection(ProjectConfigurationPlatforms) = postSolution
		{95B86191-F633-453D-A431-B84F342F5652}.Debug|Any CPU.ActiveCfg = Debug|Any CPU
		{95B86191-F633-453D-A431-B84F342F5652}.Debug|Any CPU.Build.0 = Debug|Any CPU
		{95B86191-F633-453D-A431-B84F342F5652}.Release|Any CPU.ActiveCfg = Release|Any CPU
		{95B86191-F633-453D-A431-B84F342F5652}.Release|Any CPU.Build.0 = Release|Any CPU
		{0DEF61A7-FDDA-47A3-BA07-81962726289A}.Debug|Any CPU.ActiveCfg = Debug|Any CPU
		{0DEF61A7-FDDA-47A3-BA07-81962726289A}.Debug|Any CPU.Build.0 = Debug|Any CPU
		{0DEF61A7-FDDA-47A3-BA07-81962726289A}.Release|Any CPU.ActiveCfg = Release|Any CPU
		{0DEF61A7-FDDA-47A3-BA07-81962726289A}.Release|Any CPU.Build.0 = Release|Any CPU
		{9FD72F76-77E9-419D-A60C-6B17A090EDEB}.Debug|Any CPU.ActiveCfg = Debug|Any CPU
		{9FD72F76-77E9-419D-A60C-6B17A090EDEB}.Debug|Any CPU.Build.0 = Debug|Any CPU
		{9FD72F76-77E9-419D-A60C-6B17A090EDEB}.Release|Any CPU.ActiveCfg = Release|Any CPU
		{9FD72F76-77E9-419D-A60C-6B17A090EDEB}.Release|Any CPU.Build.0 = Release|Any CPU
		{B381D456-7C2C-4D63-AB96-3326DFFD88A2}.Debug|Any CPU.ActiveCfg = Debug|Any CPU
		{B381D456-7C2C-4D63-AB96-3326DFFD88A2}.Debug|Any CPU.Build.0 = Debug|Any CPU
		{B381D456-7C2C-4D63-AB96-3326DFFD88A2}.Release|Any CPU.ActiveCfg = Release|Any CPU
		{B381D456-7C2C-4D63-AB96-3326DFFD88A2}.Release|Any CPU.Build.0 = Release|Any CPU
		{400BAC5E-5CFC-42DD-8AEC-8219D944C9EE}.Debug|Any CPU.ActiveCfg = Debug|Any CPU
		{400BAC5E-5CFC-42DD-8AEC-8219D944C9EE}.Debug|Any CPU.Build.0 = Debug|Any CPU
		{400BAC5E-5CFC-42DD-8AEC-8219D944C9EE}.Release|Any CPU.ActiveCfg = Release|Any CPU
		{400BAC5E-5CFC-42DD-8AEC-8219D944C9EE}.Release|Any CPU.Build.0 = Release|Any CPU
		{26987EAB-2668-4A32-BDFE-8B6B5973A0C3}.Debug|Any CPU.ActiveCfg = Debug|Any CPU
		{26987EAB-2668-4A32-BDFE-8B6B5973A0C3}.Debug|Any CPU.Build.0 = Debug|Any CPU
		{26987EAB-2668-4A32-BDFE-8B6B5973A0C3}.Release|Any CPU.ActiveCfg = Release|Any CPU
		{26987EAB-2668-4A32-BDFE-8B6B5973A0C3}.Release|Any CPU.Build.0 = Release|Any CPU
		{6FB68F5B-E01E-4FD7-A27F-C9D1053DCDE9}.Debug|Any CPU.ActiveCfg = Debug|Any CPU
		{6FB68F5B-E01E-4FD7-A27F-C9D1053DCDE9}.Debug|Any CPU.Build.0 = Debug|Any CPU
		{6FB68F5B-E01E-4FD7-A27F-C9D1053DCDE9}.Release|Any CPU.ActiveCfg = Release|Any CPU
		{6FB68F5B-E01E-4FD7-A27F-C9D1053DCDE9}.Release|Any CPU.Build.0 = Release|Any CPU
		{9C5FF046-8440-46A0-BF57-8CECD33B63B5}.Debug|Any CPU.ActiveCfg = Debug|Any CPU
		{9C5FF046-8440-46A0-BF57-8CECD33B63B5}.Debug|Any CPU.Build.0 = Debug|Any CPU
		{9C5FF046-8440-46A0-BF57-8CECD33B63B5}.Release|Any CPU.ActiveCfg = Release|Any CPU
		{9C5FF046-8440-46A0-BF57-8CECD33B63B5}.Release|Any CPU.Build.0 = Release|Any CPU
		{58A50CA1-8C1E-40CF-A783-B91B605F5CEF}.Debug|Any CPU.ActiveCfg = Debug|Any CPU
		{58A50CA1-8C1E-40CF-A783-B91B605F5CEF}.Debug|Any CPU.Build.0 = Debug|Any CPU
		{58A50CA1-8C1E-40CF-A783-B91B605F5CEF}.Release|Any CPU.ActiveCfg = Release|Any CPU
		{58A50CA1-8C1E-40CF-A783-B91B605F5CEF}.Release|Any CPU.Build.0 = Release|Any CPU
	EndGlobalSection
	GlobalSection(SolutionProperties) = preSolution
		HideSolutionNode = FALSE
	EndGlobalSection
	GlobalSection(NestedProjects) = preSolution
		{35D0EA55-56C7-4409-8113-0A1FE42C1156} = {16138681-07C9-40F7-AF4D-2221E62C9916}
		{95B86191-F633-453D-A431-B84F342F5652} = {35D0EA55-56C7-4409-8113-0A1FE42C1156}
		{0DEF61A7-FDDA-47A3-BA07-81962726289A} = {9A4951E8-6518-4D7E-980E-C9678782B522}
		{E57235AC-468B-461F-8E86-CB2F2CBEFAF7} = {16138681-07C9-40F7-AF4D-2221E62C9916}
		{B381D456-7C2C-4D63-AB96-3326DFFD88A2} = {E57235AC-468B-461F-8E86-CB2F2CBEFAF7}
		{D7ED60B7-8732-44CB-88B8-D58730C360F9} = {16138681-07C9-40F7-AF4D-2221E62C9916}
		{400BAC5E-5CFC-42DD-8AEC-8219D944C9EE} = {D7ED60B7-8732-44CB-88B8-D58730C360F9}
		{3F91EB1C-654D-462D-9183-1813BFDCE6BB} = {16138681-07C9-40F7-AF4D-2221E62C9916}
		{26987EAB-2668-4A32-BDFE-8B6B5973A0C3} = {3F91EB1C-654D-462D-9183-1813BFDCE6BB}
		{6FB68F5B-E01E-4FD7-A27F-C9D1053DCDE9} = {3F91EB1C-654D-462D-9183-1813BFDCE6BB}
		{9C5FF046-8440-46A0-BF57-8CECD33B63B5} = {3F91EB1C-654D-462D-9183-1813BFDCE6BB}
		{58A50CA1-8C1E-40CF-A783-B91B605F5CEF} = {3F91EB1C-654D-462D-9183-1813BFDCE6BB}
	EndGlobalSection
	GlobalSection(ExtensibilityGlobals) = postSolution
		SolutionGuid = {7D5EA41E-FB65-4BEB-9FA2-09724A0DE30A}
	EndGlobalSection
EndGlobal
